github.com/tetratelabs/wazero v1.5.0 h1:Yz3fZHivfDiZFUXnWMPUoiW7s8tC1sjdBtlJn08qYa0=
github.com/tetratelabs/wazero v1.5.0/go.mod h1:0U0G41+ochRKoPKCJlh0jMg1CHkyfK8kDqiirMmKY8A=
karmem.org v1.2.9 h1:K+U8+SmBe1THbzNLWE3cf/K4QZanOYTXlSUm1z8g2Nk=
karmem.org v1.2.9/go.mod h1:H+GxZ6T9lIJdD4toG7jeQyaahxOrw6uc4jls7KoPq1M=
